
Microsoft Visual Studio Solution File, Format Version 12.00
# Visual Studio 15
VisualStudioVersion = 15.0.28307.572
MinimumVisualStudioVersion = 10.0.40219.1
Project("{8BC9CEB8-8B4A-11D0-8D11-00A0C91BC942}") = "BinarySearchTree", "BinarySearchTree.vcxproj", "{0E8BF346-E324-49EC-8D87-2E5FEFBFB9FF}"
EndProject
Global
	GlobalSection(SolutionConfigurationPlatforms) = preSolution
		Debug|x64 = Debug|x64
		Debug|x86 = Debug|x86
		Release|x64 = Release|x64
		Release|x86 = Release|x86
	EndGlobalSection
	GlobalSection(ProjectConfigurationPlatforms) = postSolution
		{0E8BF346-E324-49EC-8D87-2E5FEFBFB9FF}.Debug|x64.ActiveCfg = Debug|x64
		{0E8BF346-E324-49EC-8D87-2E5FEFBFB9FF}.Debug|x64.Build.0 = Debug|x64
		{0E8BF346-E324-49EC-8D87-2E5FEFBFB9FF}.Debug|x86.ActiveCfg = Debug|Win32
		{0E8BF346-E324-49EC-8D87-2E5FEFBFB9FF}.Debug|x86.Build.0 = Debug|Win32
		{0E8BF346-E324-49EC-8D87-2E5FEFBFB9FF}.Release|x64.ActiveCfg = Release|x64
		{0E8BF346-E324-49EC-8D87-2E5FEFBFB9FF}.Release|x64.Build.0 = Release|x64
		{0E8BF346-E324-49EC-8D87-2E5FEFBFB9FF}.Release|x86.ActiveCfg = Release|Win32
		{0E8BF346-E324-49EC-8D87-2E5FEFBFB9FF}.Release|x86.Build.0 = Release|Win32
	EndGlobalSection
	GlobalSection(SolutionProperties) = preSolution
		HideSolutionNode = FALSE
	EndGlobalSection
	GlobalSection(ExtensibilityGlobals) = postSolution
		SolutionGuid = {690B3613-290F-49D3-81CE-37190F94E07D}
	EndGlobalSection
EndGlobal
